// !$*UTF8*$!
{
	archiveVersion = 1;
	classes = {
	};
	objectVersion = 52;
	objects = {

/* Begin PBXBuildFile section */
		9F1C9CB625972584000AE492 /* AppDelegate.swift in Sources */ = {isa = PBXBuildFile; fileRef = 9F1C9CB525972584000AE492 /* AppDelegate.swift */; };
		9F1C9CB825972584000AE492 /* SceneDelegate.swift in Sources */ = {isa = PBXBuildFile; fileRef = 9F1C9CB725972584000AE492 /* SceneDelegate.swift */; };
		9F1C9CBF25972586000AE492 /* Assets.xcassets in Resources */ = {isa = PBXBuildFile; fileRef = 9F1C9CBE25972586000AE492 /* Assets.xcassets */; };
		9F1C9CC225972586000AE492 /* LaunchScreen.storyboard in Resources */ = {isa = PBXBuildFile; fileRef = 9F1C9CC025972586000AE492 /* LaunchScreen.storyboard */; };
		9F1C9CCD25972587000AE492 /* SwiftyMoviesTests.swift in Sources */ = {isa = PBXBuildFile; fileRef = 9F1C9CCC25972587000AE492 /* SwiftyMoviesTests.swift */; };
		9F1C9CD825972587000AE492 /* SwiftyMoviesUITests.swift in Sources */ = {isa = PBXBuildFile; fileRef = 9F1C9CD725972587000AE492 /* SwiftyMoviesUITests.swift */; };
		9F1C9CEA25972893000AE492 /* Apollo in Frameworks */ = {isa = PBXBuildFile; productRef = 9F1C9CE925972893000AE492 /* Apollo */; };
		9F1C9CEF259728E1000AE492 /* schema.json in Resources */ = {isa = PBXBuildFile; fileRef = 9F1C9CEE259728E1000AE492 /* schema.json */; };
		9F1C9CF425972A88000AE492 /* movieList.graphql in Resources */ = {isa = PBXBuildFile; fileRef = 9F1C9CF325972A88000AE492 /* movieList.graphql */; };
		9F1C9CF9259730E7000AE492 /* API.swift in Sources */ = {isa = PBXBuildFile; fileRef = 9F1C9CF8259730E7000AE492 /* API.swift */; };
		9F1C9D0A25975D78000AE492 /* Movie.swift in Sources */ = {isa = PBXBuildFile; fileRef = 9F1C9D0925975D78000AE492 /* Movie.swift */; };
		9F1C9D1225975DB3000AE492 /* Movie+GraphQL.swift in Sources */ = {isa = PBXBuildFile; fileRef = 9F1C9D1125975DB3000AE492 /* Movie+GraphQL.swift */; };
		9F1C9D1925975E36000AE492 /* MovieListDataSource.swift in Sources */ = {isa = PBXBuildFile; fileRef = 9F1C9D1825975E36000AE492 /* MovieListDataSource.swift */; };
		9F1C9D2225975E84000AE492 /* GraphQLMovieListDatasource.swift in Sources */ = {isa = PBXBuildFile; fileRef = 9F1C9D2125975E84000AE492 /* GraphQLMovieListDatasource.swift */; };
		9F1C9D33259880A9000AE492 /* Feed.storyboard in Resources */ = {isa = PBXBuildFile; fileRef = 9F1C9D32259880A9000AE492 /* Feed.storyboard */; };
		9F1C9D38259880D7000AE492 /* MovieFeedViewController.swift in Sources */ = {isa = PBXBuildFile; fileRef = 9F1C9D37259880D7000AE492 /* MovieFeedViewController.swift */; };
		9F1C9D4525989C94000AE492 /* FeedCollectionViewControllerTests.swift in Sources */ = {isa = PBXBuildFile; fileRef = 9F1C9D4425989C94000AE492 /* FeedCollectionViewControllerTests.swift */; };
		9F1C9D4B2598D4AF000AE492 /* CollectionCellController.swift in Sources */ = {isa = PBXBuildFile; fileRef = 9F1C9D4A2598D4AF000AE492 /* CollectionCellController.swift */; };
		9F1C9D5425993751000AE492 /* MovieFeedPresenter.swift in Sources */ = {isa = PBXBuildFile; fileRef = 9F1C9D5325993751000AE492 /* MovieFeedPresenter.swift */; };
		9F1C9D5D25993964000AE492 /* MovieFeedInteractor.swift in Sources */ = {isa = PBXBuildFile; fileRef = 9F1C9D5C25993964000AE492 /* MovieFeedInteractor.swift */; };
		9F1C9D6A259939A8000AE492 /* MovieFeedProtocols.swift in Sources */ = {isa = PBXBuildFile; fileRef = 9F1C9D69259939A8000AE492 /* MovieFeedProtocols.swift */; };
		9F1C9D7625993C10000AE492 /* MovieFeedWireframe.swift in Sources */ = {isa = PBXBuildFile; fileRef = 9F1C9D7525993C10000AE492 /* MovieFeedWireframe.swift */; };
		9F1C9D8125994061000AE492 /* MovieFeedCellController.swift in Sources */ = {isa = PBXBuildFile; fileRef = 9F1C9D8025994061000AE492 /* MovieFeedCellController.swift */; };
		9F1C9D8A259941C6000AE492 /* MovieFeedCell.swift in Sources */ = {isa = PBXBuildFile; fileRef = 9F1C9D89259941C6000AE492 /* MovieFeedCell.swift */; };
		9F1C9D9225994C0C000AE492 /* MovieFeedFlowLayout.swift in Sources */ = {isa = PBXBuildFile; fileRef = 9F1C9D9125994C0C000AE492 /* MovieFeedFlowLayout.swift */; };
		9F1C9DA12599AD46000AE492 /* Kingfisher in Frameworks */ = {isa = PBXBuildFile; productRef = 9F1C9DA02599AD46000AE492 /* Kingfisher */; };
		9F1C9DBD2599B516000AE492 /* MovieDetailWireframe.swift in Sources */ = {isa = PBXBuildFile; fileRef = 9F1C9DBC2599B516000AE492 /* MovieDetailWireframe.swift */; };
		9F1C9DC62599B55B000AE492 /* Detail.storyboard in Resources */ = {isa = PBXBuildFile; fileRef = 9F1C9DC52599B55B000AE492 /* Detail.storyboard */; };
		9F1C9DCB2599B580000AE492 /* MovieDetailViewController.swift in Sources */ = {isa = PBXBuildFile; fileRef = 9F1C9DCA2599B580000AE492 /* MovieDetailViewController.swift */; };
		9F1C9DD02599B5BF000AE492 /* MovieDetailViewControllerTests.swift in Sources */ = {isa = PBXBuildFile; fileRef = 9F1C9DCF2599B5BF000AE492 /* MovieDetailViewControllerTests.swift */; };
		9F4C95E2259A7B7A0074C8FB /* ErrorView.swift in Sources */ = {isa = PBXBuildFile; fileRef = 9F4C95E1259A7B7A0074C8FB /* ErrorView.swift */; };
		9F4C95EB259A7FF40074C8FB /* FavoriteDataSource.swift in Sources */ = {isa = PBXBuildFile; fileRef = 9F4C95EA259A7FF40074C8FB /* FavoriteDataSource.swift */; };
		9F4C95F8259A80890074C8FB /* UserDefaultsFavoriteDataSource.swift in Sources */ = {isa = PBXBuildFile; fileRef = 9F4C95F7259A80890074C8FB /* UserDefaultsFavoriteDataSource.swift */; };
		9F4C95FE259A85EC0074C8FB /* MovieDetailInteractor.swift in Sources */ = {isa = PBXBuildFile; fileRef = 9F4C95FD259A85EC0074C8FB /* MovieDetailInteractor.swift */; };
		9F4C9607259A86150074C8FB /* MovieDetailPresenter.swift in Sources */ = {isa = PBXBuildFile; fileRef = 9F4C9606259A86150074C8FB /* MovieDetailPresenter.swift */; };
		9F4C960D259A86320074C8FB /* MovieDetailProtocols.swift in Sources */ = {isa = PBXBuildFile; fileRef = 9F4C960C259A86320074C8FB /* MovieDetailProtocols.swift */; };
		9F4C9616259A88860074C8FB /* MovieDetailViewModel.swift in Sources */ = {isa = PBXBuildFile; fileRef = 9F4C9615259A88860074C8FB /* MovieDetailViewModel.swift */; };
		9F4C961E259A8B8F0074C8FB /* MoviesNavigationController.swift in Sources */ = {isa = PBXBuildFile; fileRef = 9F4C961D259A8B8F0074C8FB /* MoviesNavigationController.swift */; };
		9F4C9624259A92DE0074C8FB /* MovieFeedViewModel.swift in Sources */ = {isa = PBXBuildFile; fileRef = 9F4C9623259A92DE0074C8FB /* MovieFeedViewModel.swift */; };
		9F4C9638259B32F30074C8FB /* Favorites.storyboard in Resources */ = {isa = PBXBuildFile; fileRef = 9F4C9637259B32F30074C8FB /* Favorites.storyboard */; };
		9F4C963D259B330F0074C8FB /* FavoritesViewController.swift in Sources */ = {isa = PBXBuildFile; fileRef = 9F4C963C259B330F0074C8FB /* FavoritesViewController.swift */; };
		9F4C9642259B33680074C8FB /* FavoritesProtocols.swift in Sources */ = {isa = PBXBuildFile; fileRef = 9F4C9641259B33680074C8FB /* FavoritesProtocols.swift */; };
		9F4C9647259B33A70074C8FB /* FavoritesPresenter.swift in Sources */ = {isa = PBXBuildFile; fileRef = 9F4C9646259B33A70074C8FB /* FavoritesPresenter.swift */; };
		9F4C964C259B33F80074C8FB /* FavoritesInteractor.swift in Sources */ = {isa = PBXBuildFile; fileRef = 9F4C964B259B33F80074C8FB /* FavoritesInteractor.swift */; };
		9F4C9651259B34540074C8FB /* FavoritesWireframe.swift in Sources */ = {isa = PBXBuildFile; fileRef = 9F4C9650259B34540074C8FB /* FavoritesWireframe.swift */; };
		9F4C9659259B360C0074C8FB /* FavoritesViewControllerTests.swift in Sources */ = {isa = PBXBuildFile; fileRef = 9F4C9658259B360C0074C8FB /* FavoritesViewControllerTests.swift */; };
		9F4C9664259B385E0074C8FB /* TableCellController.swift in Sources */ = {isa = PBXBuildFile; fileRef = 9F4C9663259B385E0074C8FB /* TableCellController.swift */; };
		9F4C9669259B67650074C8FB /* UserDefaultsFavoriteDataSourceTests.swift in Sources */ = {isa = PBXBuildFile; fileRef = 9F4C9668259B67650074C8FB /* UserDefaultsFavoriteDataSourceTests.swift */; };
		9F4C966E259BC6FC0074C8FB /* FavoritesCellController.swift in Sources */ = {isa = PBXBuildFile; fileRef = 9F4C966D259BC6FC0074C8FB /* FavoritesCellController.swift */; };
		9F4C9673259BC7450074C8FB /* FavoritesCell.swift in Sources */ = {isa = PBXBuildFile; fileRef = 9F4C9672259BC7450074C8FB /* FavoritesCell.swift */; };
		9F4C9678259BCBD30074C8FB /* movieDetail.graphql in Resources */ = {isa = PBXBuildFile; fileRef = 9F4C9677259BCBD30074C8FB /* movieDetail.graphql */; };
		9F4C9697259BCDC60074C8FB /* MovieDataSource.swift in Sources */ = {isa = PBXBuildFile; fileRef = 9F4C9696259BCDC60074C8FB /* MovieDataSource.swift */; };
		9F4C969C259BCDF10074C8FB /* GraphQLMovieDetailDatasource.swift in Sources */ = {isa = PBXBuildFile; fileRef = 9F4C969B259BCDF10074C8FB /* GraphQLMovieDetailDatasource.swift */; };
		9F4C96A4259BD0400074C8FB /* GraphQLDataSourceFactory.swift in Sources */ = {isa = PBXBuildFile; fileRef = 9F4C96A3259BD0400074C8FB /* GraphQLDataSourceFactory.swift */; };
		9F4C96AF259BE5920074C8FB /* MovieDetail.swift in Sources */ = {isa = PBXBuildFile; fileRef = 9F4C96AE259BE5920074C8FB /* MovieDetail.swift */; };
		9F4C96B4259BE5C30074C8FB /* MovieDetail+GraphQL.swift in Sources */ = {isa = PBXBuildFile; fileRef = 9F4C96B3259BE5C30074C8FB /* MovieDetail+GraphQL.swift */; };
/* End PBXBuildFile section */

/* Begin PBXContainerItemProxy section */
		9F1C9CC925972587000AE492 /* PBXContainerItemProxy */ = {
			isa = PBXContainerItemProxy;
			containerPortal = 9F1C9CAA25972584000AE492 /* Project object */;
			proxyType = 1;
			remoteGlobalIDString = 9F1C9CB125972584000AE492;
			remoteInfo = SwiftyMovies;
		};
		9F1C9CD425972587000AE492 /* PBXContainerItemProxy */ = {
			isa = PBXContainerItemProxy;
			containerPortal = 9F1C9CAA25972584000AE492 /* Project object */;
			proxyType = 1;
			remoteGlobalIDString = 9F1C9CB125972584000AE492;
			remoteInfo = SwiftyMovies;
		};
/* End PBXContainerItemProxy section */

/* Begin PBXFileReference section */
		9F1C9CB225972584000AE492 /* SwiftyMovies.app */ = {isa = PBXFileReference; explicitFileType = wrapper.application; includeInIndex = 0; path = SwiftyMovies.app; sourceTree = BUILT_PRODUCTS_DIR; };
		9F1C9CB525972584000AE492 /* AppDelegate.swift */ = {isa = PBXFileReference; lastKnownFileType = sourcecode.swift; path = AppDelegate.swift; sourceTree = "<group>"; };
		9F1C9CB725972584000AE492 /* SceneDelegate.swift */ = {isa = PBXFileReference; lastKnownFileType = sourcecode.swift; path = SceneDelegate.swift; sourceTree = "<group>"; };
		9F1C9CBE25972586000AE492 /* Assets.xcassets */ = {isa = PBXFileReference; lastKnownFileType = folder.assetcatalog; path = Assets.xcassets; sourceTree = "<group>"; };
		9F1C9CC125972586000AE492 /* Base */ = {isa = PBXFileReference; lastKnownFileType = file.storyboard; name = Base; path = Base.lproj/LaunchScreen.storyboard; sourceTree = "<group>"; };
		9F1C9CC325972586000AE492 /* Info.plist */ = {isa = PBXFileReference; lastKnownFileType = text.plist.xml; path = Info.plist; sourceTree = "<group>"; };
		9F1C9CC825972587000AE492 /* SwiftyMoviesTests.xctest */ = {isa = PBXFileReference; explicitFileType = wrapper.cfbundle; includeInIndex = 0; path = SwiftyMoviesTests.xctest; sourceTree = BUILT_PRODUCTS_DIR; };
		9F1C9CCC25972587000AE492 /* SwiftyMoviesTests.swift */ = {isa = PBXFileReference; lastKnownFileType = sourcecode.swift; path = SwiftyMoviesTests.swift; sourceTree = "<group>"; };
		9F1C9CCE25972587000AE492 /* Info.plist */ = {isa = PBXFileReference; lastKnownFileType = text.plist.xml; path = Info.plist; sourceTree = "<group>"; };
		9F1C9CD325972587000AE492 /* SwiftyMoviesUITests.xctest */ = {isa = PBXFileReference; explicitFileType = wrapper.cfbundle; includeInIndex = 0; path = SwiftyMoviesUITests.xctest; sourceTree = BUILT_PRODUCTS_DIR; };
		9F1C9CD725972587000AE492 /* SwiftyMoviesUITests.swift */ = {isa = PBXFileReference; lastKnownFileType = sourcecode.swift; path = SwiftyMoviesUITests.swift; sourceTree = "<group>"; };
		9F1C9CD925972587000AE492 /* Info.plist */ = {isa = PBXFileReference; lastKnownFileType = text.plist.xml; path = Info.plist; sourceTree = "<group>"; };
		9F1C9CEE259728E1000AE492 /* schema.json */ = {isa = PBXFileReference; fileEncoding = 4; lastKnownFileType = text.json; path = schema.json; sourceTree = "<group>"; };
		9F1C9CF325972A88000AE492 /* movieList.graphql */ = {isa = PBXFileReference; fileEncoding = 4; lastKnownFileType = text; path = movieList.graphql; sourceTree = "<group>"; };
		9F1C9CF8259730E7000AE492 /* API.swift */ = {isa = PBXFileReference; fileEncoding = 4; lastKnownFileType = sourcecode.swift; path = API.swift; sourceTree = "<group>"; };
		9F1C9D0925975D78000AE492 /* Movie.swift */ = {isa = PBXFileReference; lastKnownFileType = sourcecode.swift; path = Movie.swift; sourceTree = "<group>"; };
		9F1C9D1125975DB3000AE492 /* Movie+GraphQL.swift */ = {isa = PBXFileReference; lastKnownFileType = sourcecode.swift; path = "Movie+GraphQL.swift"; sourceTree = "<group>"; };
		9F1C9D1825975E36000AE492 /* MovieListDataSource.swift */ = {isa = PBXFileReference; lastKnownFileType = sourcecode.swift; path = MovieListDataSource.swift; sourceTree = "<group>"; };
		9F1C9D2125975E84000AE492 /* GraphQLMovieListDatasource.swift */ = {isa = PBXFileReference; lastKnownFileType = sourcecode.swift; path = GraphQLMovieListDatasource.swift; sourceTree = "<group>"; };
		9F1C9D32259880A9000AE492 /* Feed.storyboard */ = {isa = PBXFileReference; lastKnownFileType = file.storyboard; path = Feed.storyboard; sourceTree = "<group>"; };
		9F1C9D37259880D7000AE492 /* MovieFeedViewController.swift */ = {isa = PBXFileReference; lastKnownFileType = sourcecode.swift; path = MovieFeedViewController.swift; sourceTree = "<group>"; };
		9F1C9D4425989C94000AE492 /* FeedCollectionViewControllerTests.swift */ = {isa = PBXFileReference; lastKnownFileType = sourcecode.swift; path = FeedCollectionViewControllerTests.swift; sourceTree = "<group>"; };
		9F1C9D4A2598D4AF000AE492 /* CollectionCellController.swift */ = {isa = PBXFileReference; lastKnownFileType = sourcecode.swift; path = CollectionCellController.swift; sourceTree = "<group>"; };
		9F1C9D5325993751000AE492 /* MovieFeedPresenter.swift */ = {isa = PBXFileReference; lastKnownFileType = sourcecode.swift; path = MovieFeedPresenter.swift; sourceTree = "<group>"; };
		9F1C9D5C25993964000AE492 /* MovieFeedInteractor.swift */ = {isa = PBXFileReference; lastKnownFileType = sourcecode.swift; path = MovieFeedInteractor.swift; sourceTree = "<group>"; };
		9F1C9D69259939A8000AE492 /* MovieFeedProtocols.swift */ = {isa = PBXFileReference; lastKnownFileType = sourcecode.swift; path = MovieFeedProtocols.swift; sourceTree = "<group>"; };
		9F1C9D7525993C10000AE492 /* MovieFeedWireframe.swift */ = {isa = PBXFileReference; lastKnownFileType = sourcecode.swift; path = MovieFeedWireframe.swift; sourceTree = "<group>"; };
		9F1C9D8025994061000AE492 /* MovieFeedCellController.swift */ = {isa = PBXFileReference; lastKnownFileType = sourcecode.swift; path = MovieFeedCellController.swift; sourceTree = "<group>"; };
		9F1C9D89259941C6000AE492 /* MovieFeedCell.swift */ = {isa = PBXFileReference; lastKnownFileType = sourcecode.swift; path = MovieFeedCell.swift; sourceTree = "<group>"; };
		9F1C9D9125994C0C000AE492 /* MovieFeedFlowLayout.swift */ = {isa = PBXFileReference; lastKnownFileType = sourcecode.swift; path = MovieFeedFlowLayout.swift; sourceTree = "<group>"; };
		9F1C9DBC2599B516000AE492 /* MovieDetailWireframe.swift */ = {isa = PBXFileReference; lastKnownFileType = sourcecode.swift; path = MovieDetailWireframe.swift; sourceTree = "<group>"; };
		9F1C9DC52599B55B000AE492 /* Detail.storyboard */ = {isa = PBXFileReference; lastKnownFileType = file.storyboard; path = Detail.storyboard; sourceTree = "<group>"; };
		9F1C9DCA2599B580000AE492 /* MovieDetailViewController.swift */ = {isa = PBXFileReference; lastKnownFileType = sourcecode.swift; path = MovieDetailViewController.swift; sourceTree = "<group>"; };
		9F1C9DCF2599B5BF000AE492 /* MovieDetailViewControllerTests.swift */ = {isa = PBXFileReference; lastKnownFileType = sourcecode.swift; path = MovieDetailViewControllerTests.swift; sourceTree = "<group>"; };
		9F4C95E1259A7B7A0074C8FB /* ErrorView.swift */ = {isa = PBXFileReference; lastKnownFileType = sourcecode.swift; path = ErrorView.swift; sourceTree = "<group>"; };
		9F4C95EA259A7FF40074C8FB /* FavoriteDataSource.swift */ = {isa = PBXFileReference; lastKnownFileType = sourcecode.swift; path = FavoriteDataSource.swift; sourceTree = "<group>"; };
		9F4C95F7259A80890074C8FB /* UserDefaultsFavoriteDataSource.swift */ = {isa = PBXFileReference; lastKnownFileType = sourcecode.swift; path = UserDefaultsFavoriteDataSource.swift; sourceTree = "<group>"; };
		9F4C95FD259A85EC0074C8FB /* MovieDetailInteractor.swift */ = {isa = PBXFileReference; lastKnownFileType = sourcecode.swift; path = MovieDetailInteractor.swift; sourceTree = "<group>"; };
		9F4C9606259A86150074C8FB /* MovieDetailPresenter.swift */ = {isa = PBXFileReference; lastKnownFileType = sourcecode.swift; path = MovieDetailPresenter.swift; sourceTree = "<group>"; };
		9F4C960C259A86320074C8FB /* MovieDetailProtocols.swift */ = {isa = PBXFileReference; lastKnownFileType = sourcecode.swift; path = MovieDetailProtocols.swift; sourceTree = "<group>"; };
		9F4C9615259A88860074C8FB /* MovieDetailViewModel.swift */ = {isa = PBXFileReference; lastKnownFileType = sourcecode.swift; path = MovieDetailViewModel.swift; sourceTree = "<group>"; };
		9F4C961D259A8B8F0074C8FB /* MoviesNavigationController.swift */ = {isa = PBXFileReference; lastKnownFileType = sourcecode.swift; path = MoviesNavigationController.swift; sourceTree = "<group>"; };
		9F4C9623259A92DE0074C8FB /* MovieFeedViewModel.swift */ = {isa = PBXFileReference; lastKnownFileType = sourcecode.swift; path = MovieFeedViewModel.swift; sourceTree = "<group>"; };
		9F4C9637259B32F30074C8FB /* Favorites.storyboard */ = {isa = PBXFileReference; lastKnownFileType = file.storyboard; path = Favorites.storyboard; sourceTree = "<group>"; };
		9F4C963C259B330F0074C8FB /* FavoritesViewController.swift */ = {isa = PBXFileReference; lastKnownFileType = sourcecode.swift; path = FavoritesViewController.swift; sourceTree = "<group>"; };
		9F4C9641259B33680074C8FB /* FavoritesProtocols.swift */ = {isa = PBXFileReference; lastKnownFileType = sourcecode.swift; path = FavoritesProtocols.swift; sourceTree = "<group>"; };
		9F4C9646259B33A70074C8FB /* FavoritesPresenter.swift */ = {isa = PBXFileReference; lastKnownFileType = sourcecode.swift; path = FavoritesPresenter.swift; sourceTree = "<group>"; };
		9F4C964B259B33F80074C8FB /* FavoritesInteractor.swift */ = {isa = PBXFileReference; lastKnownFileType = sourcecode.swift; path = FavoritesInteractor.swift; sourceTree = "<group>"; };
		9F4C9650259B34540074C8FB /* FavoritesWireframe.swift */ = {isa = PBXFileReference; lastKnownFileType = sourcecode.swift; path = FavoritesWireframe.swift; sourceTree = "<group>"; };
		9F4C9658259B360C0074C8FB /* FavoritesViewControllerTests.swift */ = {isa = PBXFileReference; lastKnownFileType = sourcecode.swift; path = FavoritesViewControllerTests.swift; sourceTree = "<group>"; };
		9F4C9663259B385E0074C8FB /* TableCellController.swift */ = {isa = PBXFileReference; lastKnownFileType = sourcecode.swift; path = TableCellController.swift; sourceTree = "<group>"; };
		9F4C9668259B67650074C8FB /* UserDefaultsFavoriteDataSourceTests.swift */ = {isa = PBXFileReference; lastKnownFileType = sourcecode.swift; path = UserDefaultsFavoriteDataSourceTests.swift; sourceTree = "<group>"; };
		9F4C966D259BC6FC0074C8FB /* FavoritesCellController.swift */ = {isa = PBXFileReference; lastKnownFileType = sourcecode.swift; path = FavoritesCellController.swift; sourceTree = "<group>"; };
		9F4C9672259BC7450074C8FB /* FavoritesCell.swift */ = {isa = PBXFileReference; lastKnownFileType = sourcecode.swift; path = FavoritesCell.swift; sourceTree = "<group>"; };
		9F4C9677259BCBD30074C8FB /* movieDetail.graphql */ = {isa = PBXFileReference; fileEncoding = 4; lastKnownFileType = text; path = movieDetail.graphql; sourceTree = "<group>"; };
		9F4C9696259BCDC60074C8FB /* MovieDataSource.swift */ = {isa = PBXFileReference; lastKnownFileType = sourcecode.swift; path = MovieDataSource.swift; sourceTree = "<group>"; };
		9F4C969B259BCDF10074C8FB /* GraphQLMovieDetailDatasource.swift */ = {isa = PBXFileReference; lastKnownFileType = sourcecode.swift; path = GraphQLMovieDetailDatasource.swift; sourceTree = "<group>"; };
		9F4C96A3259BD0400074C8FB /* GraphQLDataSourceFactory.swift */ = {isa = PBXFileReference; lastKnownFileType = sourcecode.swift; path = GraphQLDataSourceFactory.swift; sourceTree = "<group>"; };
		9F4C96AE259BE5920074C8FB /* MovieDetail.swift */ = {isa = PBXFileReference; lastKnownFileType = sourcecode.swift; path = MovieDetail.swift; sourceTree = "<group>"; };
		9F4C96B3259BE5C30074C8FB /* MovieDetail+GraphQL.swift */ = {isa = PBXFileReference; lastKnownFileType = sourcecode.swift; path = "MovieDetail+GraphQL.swift"; sourceTree = "<group>"; };
/* End PBXFileReference section */

/* Begin PBXFrameworksBuildPhase section */
		9F1C9CAF25972584000AE492 /* Frameworks */ = {
			isa = PBXFrameworksBuildPhase;
			buildActionMask = 2147483647;
			files = (
				9F1C9DA12599AD46000AE492 /* Kingfisher in Frameworks */,
				9F1C9CEA25972893000AE492 /* Apollo in Frameworks */,
			);
			runOnlyForDeploymentPostprocessing = 0;
		};
		9F1C9CC525972587000AE492 /* Frameworks */ = {
			isa = PBXFrameworksBuildPhase;
			buildActionMask = 2147483647;
			files = (
			);
			runOnlyForDeploymentPostprocessing = 0;
		};
		9F1C9CD025972587000AE492 /* Frameworks */ = {
			isa = PBXFrameworksBuildPhase;
			buildActionMask = 2147483647;
			files = (
			);
			runOnlyForDeploymentPostprocessing = 0;
		};
/* End PBXFrameworksBuildPhase section */

/* Begin PBXGroup section */
		9F1C9CA925972584000AE492 = {
			isa = PBXGroup;
			children = (
				9F1C9CB425972584000AE492 /* SwiftyMovies */,
				9F1C9CCB25972587000AE492 /* SwiftyMoviesTests */,
				9F1C9CD625972587000AE492 /* SwiftyMoviesUITests */,
				9F1C9CB325972584000AE492 /* Products */,
			);
			sourceTree = "<group>";
		};
		9F1C9CB325972584000AE492 /* Products */ = {
			isa = PBXGroup;
			children = (
				9F1C9CB225972584000AE492 /* SwiftyMovies.app */,
				9F1C9CC825972587000AE492 /* SwiftyMoviesTests.xctest */,
				9F1C9CD325972587000AE492 /* SwiftyMoviesUITests.xctest */,
			);
			name = Products;
			sourceTree = "<group>";
		};
		9F1C9CB425972584000AE492 /* SwiftyMovies */ = {
			isa = PBXGroup;
			children = (
				9F1C9CB525972584000AE492 /* AppDelegate.swift */,
				9F1C9CB725972584000AE492 /* SceneDelegate.swift */,
				9F1C9CF8259730E7000AE492 /* API.swift */,
				9F4C96BE259C682D0074C8FB /* Data Sources */,
				9F1C9D0825975D6A000AE492 /* Model */,
				9F1C9D852599406A000AE492 /* Shared UI */,
				9F1C9DB92599B4F0000AE492 /* Modules */,
				9F1C9CEE259728E1000AE492 /* schema.json */,
				9F1C9CF325972A88000AE492 /* movieList.graphql */,
				9F4C9677259BCBD30074C8FB /* movieDetail.graphql */,
				9F1C9CBE25972586000AE492 /* Assets.xcassets */,
				9F1C9CC025972586000AE492 /* LaunchScreen.storyboard */,
				9F1C9CC325972586000AE492 /* Info.plist */,
			);
			path = SwiftyMovies;
			sourceTree = "<group>";
		};
		9F1C9CCB25972587000AE492 /* SwiftyMoviesTests */ = {
			isa = PBXGroup;
			children = (
				9F1C9CCC25972587000AE492 /* SwiftyMoviesTests.swift */,
				9F1C9D4425989C94000AE492 /* FeedCollectionViewControllerTests.swift */,
				9F1C9DCF2599B5BF000AE492 /* MovieDetailViewControllerTests.swift */,
				9F4C9658259B360C0074C8FB /* FavoritesViewControllerTests.swift */,
				9F4C9668259B67650074C8FB /* UserDefaultsFavoriteDataSourceTests.swift */,
				9F1C9CCE25972587000AE492 /* Info.plist */,
			);
			path = SwiftyMoviesTests;
			sourceTree = "<group>";
		};
		9F1C9CD625972587000AE492 /* SwiftyMoviesUITests */ = {
			isa = PBXGroup;
			children = (
				9F1C9CD725972587000AE492 /* SwiftyMoviesUITests.swift */,
				9F1C9CD925972587000AE492 /* Info.plist */,
			);
			path = SwiftyMoviesUITests;
			sourceTree = "<group>";
		};
		9F1C9D0825975D6A000AE492 /* Model */ = {
			isa = PBXGroup;
			children = (
				9F1C9D0925975D78000AE492 /* Movie.swift */,
				9F1C9D1125975DB3000AE492 /* Movie+GraphQL.swift */,
				9F4C96AE259BE5920074C8FB /* MovieDetail.swift */,
				9F4C96B3259BE5C30074C8FB /* MovieDetail+GraphQL.swift */,
			);
			path = Model;
			sourceTree = "<group>";
		};
		9F1C9D1625975DF4000AE492 /* Movie Data Source */ = {
			isa = PBXGroup;
			children = (
				9F4C96A3259BD0400074C8FB /* GraphQLDataSourceFactory.swift */,
				9F4C968F259BCD390074C8FB /* Movie detail */,
				9F4C968B259BCD200074C8FB /* List */,
			);
			path = "Movie Data Source";
			sourceTree = "<group>";
		};
		9F1C9D312598806A000AE492 /* View */ = {
			isa = PBXGroup;
			children = (
				9F1C9D32259880A9000AE492 /* Feed.storyboard */,
				9F1C9D8025994061000AE492 /* MovieFeedCellController.swift */,
				9F1C9D37259880D7000AE492 /* MovieFeedViewController.swift */,
				9F1C9D9125994C0C000AE492 /* MovieFeedFlowLayout.swift */,
				9F1C9D89259941C6000AE492 /* MovieFeedCell.swift */,
			);
			path = View;
			sourceTree = "<group>";
		};
		9F1C9D5225993734000AE492 /* Presenter */ = {
			isa = PBXGroup;
			children = (
				9F1C9D5325993751000AE492 /* MovieFeedPresenter.swift */,
			);
			path = Presenter;
			sourceTree = "<group>";
		};
		9F1C9D5B2599394A000AE492 /* Interactor */ = {
			isa = PBXGroup;
			children = (
				9F1C9D5C25993964000AE492 /* MovieFeedInteractor.swift */,
			);
			path = Interactor;
			sourceTree = "<group>";
		};
		9F1C9D6425993972000AE492 /* Movie Feed */ = {
			isa = PBXGroup;
			children = (
				9F4C9622259A92D00074C8FB /* Model */,
				9F1C9D7425993BF6000AE492 /* Wireframe */,
				9F1C9D682599399B000AE492 /* Protocols */,
				9F1C9D312598806A000AE492 /* View */,
				9F1C9D5225993734000AE492 /* Presenter */,
				9F1C9D5B2599394A000AE492 /* Interactor */,
			);
			path = "Movie Feed";
			sourceTree = "<group>";
		};
		9F1C9D682599399B000AE492 /* Protocols */ = {
			isa = PBXGroup;
			children = (
				9F1C9D69259939A8000AE492 /* MovieFeedProtocols.swift */,
			);
			path = Protocols;
			sourceTree = "<group>";
		};
		9F1C9D7425993BF6000AE492 /* Wireframe */ = {
			isa = PBXGroup;
			children = (
				9F1C9D7525993C10000AE492 /* MovieFeedWireframe.swift */,
			);
			path = Wireframe;
			sourceTree = "<group>";
		};
		9F1C9D852599406A000AE492 /* Shared UI */ = {
			isa = PBXGroup;
			children = (
				9F1C9D4A2598D4AF000AE492 /* CollectionCellController.swift */,
				9F4C9663259B385E0074C8FB /* TableCellController.swift */,
				9F4C961D259A8B8F0074C8FB /* MoviesNavigationController.swift */,
			);
			path = "Shared UI";
			sourceTree = "<group>";
		};
		9F1C9DB92599B4F0000AE492 /* Modules */ = {
			isa = PBXGroup;
			children = (
				9F4C962B259B32A20074C8FB /* Favorite Movies */,
				9F4C95E0259A7B640074C8FB /* Error View */,
				9F1C9DBA2599B4F8000AE492 /* Movie Detail */,
				9F1C9D6425993972000AE492 /* Movie Feed */,
			);
			path = Modules;
			sourceTree = "<group>";
		};
		9F1C9DBA2599B4F8000AE492 /* Movie Detail */ = {
			isa = PBXGroup;
			children = (
				9F4C9614259A887E0074C8FB /* Model */,
				9F4C960B259A86250074C8FB /* Protocols */,
				9F4C9605259A85FE0074C8FB /* Presenter */,
				9F4C95FC259A85B50074C8FB /* Interactor */,
				9F1C9DC42599B549000AE492 /* View */,
				9F1C9DBB2599B503000AE492 /* Wireframe */,
			);
			path = "Movie Detail";
			sourceTree = "<group>";
		};
		9F1C9DBB2599B503000AE492 /* Wireframe */ = {
			isa = PBXGroup;
			children = (
				9F1C9DBC2599B516000AE492 /* MovieDetailWireframe.swift */,
			);
			path = Wireframe;
			sourceTree = "<group>";
		};
		9F1C9DC42599B549000AE492 /* View */ = {
			isa = PBXGroup;
			children = (
				9F1C9DC52599B55B000AE492 /* Detail.storyboard */,
				9F1C9DCA2599B580000AE492 /* MovieDetailViewController.swift */,
			);
			path = View;
			sourceTree = "<group>";
		};
		9F4C95E0259A7B640074C8FB /* Error View */ = {
			isa = PBXGroup;
			children = (
				9F4C95E1259A7B7A0074C8FB /* ErrorView.swift */,
			);
			path = "Error View";
			sourceTree = "<group>";
		};
		9F4C95E9259A7FD30074C8FB /* Favorite Data Source */ = {
			isa = PBXGroup;
			children = (
				9F4C95F2259A80420074C8FB /* Favorite Data Source */,
				9F4C95F6259A805D0074C8FB /* UserDefaults Favorite Data Source */,
			);
			path = "Favorite Data Source";
			sourceTree = "<group>";
		};
		9F4C95F2259A80420074C8FB /* Favorite Data Source */ = {
			isa = PBXGroup;
			children = (
				9F4C95EA259A7FF40074C8FB /* FavoriteDataSource.swift */,
			);
			path = "Favorite Data Source";
			sourceTree = "<group>";
		};
		9F4C95F6259A805D0074C8FB /* UserDefaults Favorite Data Source */ = {
			isa = PBXGroup;
			children = (
				9F4C95F7259A80890074C8FB /* UserDefaultsFavoriteDataSource.swift */,
			);
			path = "UserDefaults Favorite Data Source";
			sourceTree = "<group>";
		};
		9F4C95FC259A85B50074C8FB /* Interactor */ = {
			isa = PBXGroup;
			children = (
				9F4C95FD259A85EC0074C8FB /* MovieDetailInteractor.swift */,
			);
			path = Interactor;
			sourceTree = "<group>";
		};
		9F4C9605259A85FE0074C8FB /* Presenter */ = {
			isa = PBXGroup;
			children = (
				9F4C9606259A86150074C8FB /* MovieDetailPresenter.swift */,
			);
			path = Presenter;
			sourceTree = "<group>";
		};
		9F4C960B259A86250074C8FB /* Protocols */ = {
			isa = PBXGroup;
			children = (
				9F4C960C259A86320074C8FB /* MovieDetailProtocols.swift */,
			);
			path = Protocols;
			sourceTree = "<group>";
		};
		9F4C9614259A887E0074C8FB /* Model */ = {
			isa = PBXGroup;
			children = (
				9F4C9615259A88860074C8FB /* MovieDetailViewModel.swift */,
			);
			path = Model;
			sourceTree = "<group>";
		};
		9F4C9622259A92D00074C8FB /* Model */ = {
			isa = PBXGroup;
			children = (
				9F4C9623259A92DE0074C8FB /* MovieFeedViewModel.swift */,
			);
			path = Model;
			sourceTree = "<group>";
		};
		9F4C962B259B32A20074C8FB /* Favorite Movies */ = {
			isa = PBXGroup;
			children = (
				9F4C9636259B32D20074C8FB /* Protocols */,
				9F4C9635259B32C70074C8FB /* Wireframe */,
				9F4C9634259B32C10074C8FB /* Interactor */,
				9F4C9633259B32B90074C8FB /* Presenter */,
				9F4C962C259B32AC0074C8FB /* View */,
			);
			path = "Favorite Movies";
			sourceTree = "<group>";
		};
		9F4C962C259B32AC0074C8FB /* View */ = {
			isa = PBXGroup;
			children = (
				9F4C9637259B32F30074C8FB /* Favorites.storyboard */,
				9F4C966D259BC6FC0074C8FB /* FavoritesCellController.swift */,
				9F4C963C259B330F0074C8FB /* FavoritesViewController.swift */,
				9F4C9672259BC7450074C8FB /* FavoritesCell.swift */,
			);
			path = View;
			sourceTree = "<group>";
		};
		9F4C9633259B32B90074C8FB /* Presenter */ = {
			isa = PBXGroup;
			children = (
				9F4C9646259B33A70074C8FB /* FavoritesPresenter.swift */,
			);
			path = Presenter;
			sourceTree = "<group>";
		};
		9F4C9634259B32C10074C8FB /* Interactor */ = {
			isa = PBXGroup;
			children = (
				9F4C964B259B33F80074C8FB /* FavoritesInteractor.swift */,
			);
			path = Interactor;
			sourceTree = "<group>";
		};
		9F4C9635259B32C70074C8FB /* Wireframe */ = {
			isa = PBXGroup;
			children = (
				9F4C9650259B34540074C8FB /* FavoritesWireframe.swift */,
			);
			path = Wireframe;
			sourceTree = "<group>";
		};
		9F4C9636259B32D20074C8FB /* Protocols */ = {
			isa = PBXGroup;
			children = (
				9F4C9641259B33680074C8FB /* FavoritesProtocols.swift */,
			);
			path = Protocols;
			sourceTree = "<group>";
		};
		9F4C968B259BCD200074C8FB /* List */ = {
			isa = PBXGroup;
			children = (
				9F1C9D2125975E84000AE492 /* GraphQLMovieListDatasource.swift */,
				9F1C9D1825975E36000AE492 /* MovieListDataSource.swift */,
			);
			path = List;
			sourceTree = "<group>";
		};
		9F4C968F259BCD390074C8FB /* Movie detail */ = {
			isa = PBXGroup;
			children = (
				9F4C9696259BCDC60074C8FB /* MovieDataSource.swift */,
				9F4C969B259BCDF10074C8FB /* GraphQLMovieDetailDatasource.swift */,
			);
			path = "Movie detail";
			sourceTree = "<group>";
		};
		9F4C96BE259C682D0074C8FB /* Data Sources */ = {
			isa = PBXGroup;
			children = (
				9F4C95E9259A7FD30074C8FB /* Favorite Data Source */,
				9F1C9D1625975DF4000AE492 /* Movie Data Source */,
			);
			path = "Data Sources";
			sourceTree = "<group>";
		};
/* End PBXGroup section */

/* Begin PBXNativeTarget section */
		9F1C9CB125972584000AE492 /* SwiftyMovies */ = {
			isa = PBXNativeTarget;
			buildConfigurationList = 9F1C9CDC25972587000AE492 /* Build configuration list for PBXNativeTarget "SwiftyMovies" */;
			buildPhases = (
				9F1C9CAE25972584000AE492 /* Sources */,
				9F1C9CAF25972584000AE492 /* Frameworks */,
				9F1C9CB025972584000AE492 /* Resources */,
			);
			buildRules = (
			);
			dependencies = (
			);
			name = SwiftyMovies;
			packageProductDependencies = (
				9F1C9CE925972893000AE492 /* Apollo */,
				9F1C9DA02599AD46000AE492 /* Kingfisher */,
			);
			productName = SwiftyMovies;
			productReference = 9F1C9CB225972584000AE492 /* SwiftyMovies.app */;
			productType = "com.apple.product-type.application";
		};
		9F1C9CC725972587000AE492 /* SwiftyMoviesTests */ = {
			isa = PBXNativeTarget;
			buildConfigurationList = 9F1C9CDF25972587000AE492 /* Build configuration list for PBXNativeTarget "SwiftyMoviesTests" */;
			buildPhases = (
				9F1C9CC425972587000AE492 /* Sources */,
				9F1C9CC525972587000AE492 /* Frameworks */,
				9F1C9CC625972587000AE492 /* Resources */,
			);
			buildRules = (
			);
			dependencies = (
				9F1C9CCA25972587000AE492 /* PBXTargetDependency */,
			);
			name = SwiftyMoviesTests;
			productName = SwiftyMoviesTests;
			productReference = 9F1C9CC825972587000AE492 /* SwiftyMoviesTests.xctest */;
			productType = "com.apple.product-type.bundle.unit-test";
		};
		9F1C9CD225972587000AE492 /* SwiftyMoviesUITests */ = {
			isa = PBXNativeTarget;
			buildConfigurationList = 9F1C9CE225972587000AE492 /* Build configuration list for PBXNativeTarget "SwiftyMoviesUITests" */;
			buildPhases = (
				9F1C9CCF25972587000AE492 /* Sources */,
				9F1C9CD025972587000AE492 /* Frameworks */,
				9F1C9CD125972587000AE492 /* Resources */,
			);
			buildRules = (
			);
			dependencies = (
				9F1C9CD525972587000AE492 /* PBXTargetDependency */,
			);
			name = SwiftyMoviesUITests;
			productName = SwiftyMoviesUITests;
			productReference = 9F1C9CD325972587000AE492 /* SwiftyMoviesUITests.xctest */;
			productType = "com.apple.product-type.bundle.ui-testing";
		};
/* End PBXNativeTarget section */

/* Begin PBXProject section */
		9F1C9CAA25972584000AE492 /* Project object */ = {
			isa = PBXProject;
			attributes = {
				LastSwiftUpdateCheck = 1230;
				LastUpgradeCheck = 1230;
				TargetAttributes = {
					9F1C9CB125972584000AE492 = {
						CreatedOnToolsVersion = 12.3;
					};
					9F1C9CC725972587000AE492 = {
						CreatedOnToolsVersion = 12.3;
						TestTargetID = 9F1C9CB125972584000AE492;
					};
					9F1C9CD225972587000AE492 = {
						CreatedOnToolsVersion = 12.3;
						TestTargetID = 9F1C9CB125972584000AE492;
					};
				};
			};
			buildConfigurationList = 9F1C9CAD25972584000AE492 /* Build configuration list for PBXProject "SwiftyMovies" */;
			compatibilityVersion = "Xcode 9.3";
			developmentRegion = en;
			hasScannedForEncodings = 0;
			knownRegions = (
				en,
				Base,
			);
			mainGroup = 9F1C9CA925972584000AE492;
			packageReferences = (
				9F1C9CE825972893000AE492 /* XCRemoteSwiftPackageReference "apollo-ios" */,
				9F1C9D9F2599AD46000AE492 /* XCRemoteSwiftPackageReference "Kingfisher" */,
			);
			productRefGroup = 9F1C9CB325972584000AE492 /* Products */;
			projectDirPath = "";
			projectRoot = "";
			targets = (
				9F1C9CB125972584000AE492 /* SwiftyMovies */,
				9F1C9CC725972587000AE492 /* SwiftyMoviesTests */,
				9F1C9CD225972587000AE492 /* SwiftyMoviesUITests */,
			);
		};
/* End PBXProject section */

/* Begin PBXResourcesBuildPhase section */
		9F1C9CB025972584000AE492 /* Resources */ = {
			isa = PBXResourcesBuildPhase;
			buildActionMask = 2147483647;
			files = (
				9F1C9D33259880A9000AE492 /* Feed.storyboard in Resources */,
				9F1C9CF425972A88000AE492 /* movieList.graphql in Resources */,
				9F1C9CEF259728E1000AE492 /* schema.json in Resources */,
				9F4C9678259BCBD30074C8FB /* movieDetail.graphql in Resources */,
				9F1C9CC225972586000AE492 /* LaunchScreen.storyboard in Resources */,
				9F4C9638259B32F30074C8FB /* Favorites.storyboard in Resources */,
				9F1C9CBF25972586000AE492 /* Assets.xcassets in Resources */,
				9F1C9DC62599B55B000AE492 /* Detail.storyboard in Resources */,
			);
			runOnlyForDeploymentPostprocessing = 0;
		};
		9F1C9CC625972587000AE492 /* Resources */ = {
			isa = PBXResourcesBuildPhase;
			buildActionMask = 2147483647;
			files = (
			);
			runOnlyForDeploymentPostprocessing = 0;
		};
		9F1C9CD125972587000AE492 /* Resources */ = {
			isa = PBXResourcesBuildPhase;
			buildActionMask = 2147483647;
			files = (
			);
			runOnlyForDeploymentPostprocessing = 0;
		};
/* End PBXResourcesBuildPhase section */

/* Begin PBXSourcesBuildPhase section */
		9F1C9CAE25972584000AE492 /* Sources */ = {
			isa = PBXSourcesBuildPhase;
			buildActionMask = 2147483647;
			files = (
				9F4C9607259A86150074C8FB /* MovieDetailPresenter.swift in Sources */,
				9F1C9D1225975DB3000AE492 /* Movie+GraphQL.swift in Sources */,
				9F4C964C259B33F80074C8FB /* FavoritesInteractor.swift in Sources */,
				9F1C9D2225975E84000AE492 /* GraphQLMovieListDatasource.swift in Sources */,
				9F1C9DBD2599B516000AE492 /* MovieDetailWireframe.swift in Sources */,
				9F4C9673259BC7450074C8FB /* FavoritesCell.swift in Sources */,
				9F4C96A4259BD0400074C8FB /* GraphQLDataSourceFactory.swift in Sources */,
				9F4C963D259B330F0074C8FB /* FavoritesViewController.swift in Sources */,
				9F4C9697259BCDC60074C8FB /* MovieDataSource.swift in Sources */,
				9F4C9642259B33680074C8FB /* FavoritesProtocols.swift in Sources */,
				9F1C9D8125994061000AE492 /* MovieFeedCellController.swift in Sources */,
				9F4C95EB259A7FF40074C8FB /* FavoriteDataSource.swift in Sources */,
				9F1C9CB625972584000AE492 /* AppDelegate.swift in Sources */,
				9F1C9CF9259730E7000AE492 /* API.swift in Sources */,
				9F1C9D6A259939A8000AE492 /* MovieFeedProtocols.swift in Sources */,
				9F4C95FE259A85EC0074C8FB /* MovieDetailInteractor.swift in Sources */,
				9F1C9D38259880D7000AE492 /* MovieFeedViewController.swift in Sources */,
				9F1C9D5425993751000AE492 /* MovieFeedPresenter.swift in Sources */,
				9F1C9CB825972584000AE492 /* SceneDelegate.swift in Sources */,
				9F1C9D8A259941C6000AE492 /* MovieFeedCell.swift in Sources */,
				9F1C9D1925975E36000AE492 /* MovieListDataSource.swift in Sources */,
				9F4C96AF259BE5920074C8FB /* MovieDetail.swift in Sources */,
				9F1C9D0A25975D78000AE492 /* Movie.swift in Sources */,
				9F4C9647259B33A70074C8FB /* FavoritesPresenter.swift in Sources */,
				9F4C9664259B385E0074C8FB /* TableCellController.swift in Sources */,
				9F1C9DCB2599B580000AE492 /* MovieDetailViewController.swift in Sources */,
				9F4C961E259A8B8F0074C8FB /* MoviesNavigationController.swift in Sources */,
				9F4C966E259BC6FC0074C8FB /* FavoritesCellController.swift in Sources */,
				9F4C9616259A88860074C8FB /* MovieDetailViewModel.swift in Sources */,
				9F4C960D259A86320074C8FB /* MovieDetailProtocols.swift in Sources */,
				9F4C9651259B34540074C8FB /* FavoritesWireframe.swift in Sources */,
				9F4C95E2259A7B7A0074C8FB /* ErrorView.swift in Sources */,
				9F4C969C259BCDF10074C8FB /* GraphQLMovieDetailDatasource.swift in Sources */,
				9F4C96B4259BE5C30074C8FB /* MovieDetail+GraphQL.swift in Sources */,
				9F1C9D7625993C10000AE492 /* MovieFeedWireframe.swift in Sources */,
				9F1C9D4B2598D4AF000AE492 /* CollectionCellController.swift in Sources */,
				9F4C95F8259A80890074C8FB /* UserDefaultsFavoriteDataSource.swift in Sources */,
				9F1C9D9225994C0C000AE492 /* MovieFeedFlowLayout.swift in Sources */,
				9F1C9D5D25993964000AE492 /* MovieFeedInteractor.swift in Sources */,
				9F4C9624259A92DE0074C8FB /* MovieFeedViewModel.swift in Sources */,
			);
			runOnlyForDeploymentPostprocessing = 0;
		};
		9F1C9CC425972587000AE492 /* Sources */ = {
			isa = PBXSourcesBuildPhase;
			buildActionMask = 2147483647;
			files = (
				9F1C9D4525989C94000AE492 /* FeedCollectionViewControllerTests.swift in Sources */,
				9F1C9DD02599B5BF000AE492 /* MovieDetailViewControllerTests.swift in Sources */,
				9F4C9659259B360C0074C8FB /* FavoritesViewControllerTests.swift in Sources */,
				9F4C9669259B67650074C8FB /* UserDefaultsFavoriteDataSourceTests.swift in Sources */,
				9F1C9CCD25972587000AE492 /* SwiftyMoviesTests.swift in Sources */,
			);
			runOnlyForDeploymentPostprocessing = 0;
		};
		9F1C9CCF25972587000AE492 /* Sources */ = {
			isa = PBXSourcesBuildPhase;
			buildActionMask = 2147483647;
			files = (
				9F1C9CD825972587000AE492 /* SwiftyMoviesUITests.swift in Sources */,
			);
			runOnlyForDeploymentPostprocessing = 0;
		};
/* End PBXSourcesBuildPhase section */

/* Begin PBXTargetDependency section */
		9F1C9CCA25972587000AE492 /* PBXTargetDependency */ = {
			isa = PBXTargetDependency;
			target = 9F1C9CB125972584000AE492 /* SwiftyMovies */;
			targetProxy = 9F1C9CC925972587000AE492 /* PBXContainerItemProxy */;
		};
		9F1C9CD525972587000AE492 /* PBXTargetDependency */ = {
			isa = PBXTargetDependency;
			target = 9F1C9CB125972584000AE492 /* SwiftyMovies */;
			targetProxy = 9F1C9CD425972587000AE492 /* PBXContainerItemProxy */;
		};
/* End PBXTargetDependency section */

/* Begin PBXVariantGroup section */
		9F1C9CC025972586000AE492 /* LaunchScreen.storyboard */ = {
			isa = PBXVariantGroup;
			children = (
				9F1C9CC125972586000AE492 /* Base */,
			);
			name = LaunchScreen.storyboard;
			sourceTree = "<group>";
		};
/* End PBXVariantGroup section */

/* Begin XCBuildConfiguration section */
		9F1C9CDA25972587000AE492 /* Debug */ = {
			isa = XCBuildConfiguration;
			buildSettings = {
				ALWAYS_SEARCH_USER_PATHS = NO;
				CLANG_ANALYZER_NONNULL = YES;
				CLANG_ANALYZER_NUMBER_OBJECT_CONVERSION = YES_AGGRESSIVE;
				CLANG_CXX_LANGUAGE_STANDARD = "gnu++14";
				CLANG_CXX_LIBRARY = "libc++";
				CLANG_ENABLE_MODULES = YES;
				CLANG_ENABLE_OBJC_ARC = YES;
				CLANG_ENABLE_OBJC_WEAK = YES;
				CLANG_WARN_BLOCK_CAPTURE_AUTORELEASING = YES;
				CLANG_WARN_BOOL_CONVERSION = YES;
				CLANG_WARN_COMMA = YES;
				CLANG_WARN_CONSTANT_CONVERSION = YES;
				CLANG_WARN_DEPRECATED_OBJC_IMPLEMENTATIONS = YES;
				CLANG_WARN_DIRECT_OBJC_ISA_USAGE = YES_ERROR;
				CLANG_WARN_DOCUMENTATION_COMMENTS = YES;
				CLANG_WARN_EMPTY_BODY = YES;
				CLANG_WARN_ENUM_CONVERSION = YES;
				CLANG_WARN_INFINITE_RECURSION = YES;
				CLANG_WARN_INT_CONVERSION = YES;
				CLANG_WARN_NON_LITERAL_NULL_CONVERSION = YES;
				CLANG_WARN_OBJC_IMPLICIT_RETAIN_SELF = YES;
				CLANG_WARN_OBJC_LITERAL_CONVERSION = YES;
				CLANG_WARN_OBJC_ROOT_CLASS = YES_ERROR;
				CLANG_WARN_QUOTED_INCLUDE_IN_FRAMEWORK_HEADER = YES;
				CLANG_WARN_RANGE_LOOP_ANALYSIS = YES;
				CLANG_WARN_STRICT_PROTOTYPES = YES;
				CLANG_WARN_SUSPICIOUS_MOVE = YES;
				CLANG_WARN_UNGUARDED_AVAILABILITY = YES_AGGRESSIVE;
				CLANG_WARN_UNREACHABLE_CODE = YES;
				CLANG_WARN__DUPLICATE_METHOD_MATCH = YES;
				COPY_PHASE_STRIP = NO;
				DEBUG_INFORMATION_FORMAT = dwarf;
				ENABLE_STRICT_OBJC_MSGSEND = YES;
				ENABLE_TESTABILITY = YES;
				GCC_C_LANGUAGE_STANDARD = gnu11;
				GCC_DYNAMIC_NO_PIC = NO;
				GCC_NO_COMMON_BLOCKS = YES;
				GCC_OPTIMIZATION_LEVEL = 0;
				GCC_PREPROCESSOR_DEFINITIONS = (
					"DEBUG=1",
					"$(inherited)",
				);
				GCC_WARN_64_TO_32_BIT_CONVERSION = YES;
				GCC_WARN_ABOUT_RETURN_TYPE = YES_ERROR;
				GCC_WARN_UNDECLARED_SELECTOR = YES;
				GCC_WARN_UNINITIALIZED_AUTOS = YES_AGGRESSIVE;
				GCC_WARN_UNUSED_FUNCTION = YES;
				GCC_WARN_UNUSED_VARIABLE = YES;
				IPHONEOS_DEPLOYMENT_TARGET = 14.0;
				MTL_ENABLE_DEBUG_INFO = INCLUDE_SOURCE;
				MTL_FAST_MATH = YES;
				ONLY_ACTIVE_ARCH = YES;
				SDKROOT = iphoneos;
				SWIFT_ACTIVE_COMPILATION_CONDITIONS = DEBUG;
				SWIFT_OPTIMIZATION_LEVEL = "-Onone";
			};
			name = Debug;
		};
		9F1C9CDB25972587000AE492 /* Release */ = {
			isa = XCBuildConfiguration;
			buildSettings = {
				ALWAYS_SEARCH_USER_PATHS = NO;
				CLANG_ANALYZER_NONNULL = YES;
				CLANG_ANALYZER_NUMBER_OBJECT_CONVERSION = YES_AGGRESSIVE;
				CLANG_CXX_LANGUAGE_STANDARD = "gnu++14";
				CLANG_CXX_LIBRARY = "libc++";
				CLANG_ENABLE_MODULES = YES;
				CLANG_ENABLE_OBJC_ARC = YES;
				CLANG_ENABLE_OBJC_WEAK = YES;
				CLANG_WARN_BLOCK_CAPTURE_AUTORELEASING = YES;
				CLANG_WARN_BOOL_CONVERSION = YES;
				CLANG_WARN_COMMA = YES;
				CLANG_WARN_CONSTANT_CONVERSION = YES;
				CLANG_WARN_DEPRECATED_OBJC_IMPLEMENTATIONS = YES;
				CLANG_WARN_DIRECT_OBJC_ISA_USAGE = YES_ERROR;
				CLANG_WARN_DOCUMENTATION_COMMENTS = YES;
				CLANG_WARN_EMPTY_BODY = YES;
				CLANG_WARN_ENUM_CONVERSION = YES;
				CLANG_WARN_INFINITE_RECURSION = YES;
				CLANG_WARN_INT_CONVERSION = YES;
				CLANG_WARN_NON_LITERAL_NULL_CONVERSION = YES;
				CLANG_WARN_OBJC_IMPLICIT_RETAIN_SELF = YES;
				CLANG_WARN_OBJC_LITERAL_CONVERSION = YES;
				CLANG_WARN_OBJC_ROOT_CLASS = YES_ERROR;
				CLANG_WARN_QUOTED_INCLUDE_IN_FRAMEWORK_HEADER = YES;
				CLANG_WARN_RANGE_LOOP_ANALYSIS = YES;
				CLANG_WARN_STRICT_PROTOTYPES = YES;
				CLANG_WARN_SUSPICIOUS_MOVE = YES;
				CLANG_WARN_UNGUARDED_AVAILABILITY = YES_AGGRESSIVE;
				CLANG_WARN_UNREACHABLE_CODE = YES;
				CLANG_WARN__DUPLICATE_METHOD_MATCH = YES;
				COPY_PHASE_STRIP = NO;
				DEBUG_INFORMATION_FORMAT = "dwarf-with-dsym";
				ENABLE_NS_ASSERTIONS = NO;
				ENABLE_STRICT_OBJC_MSGSEND = YES;
				GCC_C_LANGUAGE_STANDARD = gnu11;
				GCC_NO_COMMON_BLOCKS = YES;
				GCC_WARN_64_TO_32_BIT_CONVERSION = YES;
				GCC_WARN_ABOUT_RETURN_TYPE = YES_ERROR;
				GCC_WARN_UNDECLARED_SELECTOR = YES;
				GCC_WARN_UNINITIALIZED_AUTOS = YES_AGGRESSIVE;
				GCC_WARN_UNUSED_FUNCTION = YES;
				GCC_WARN_UNUSED_VARIABLE = YES;
				IPHONEOS_DEPLOYMENT_TARGET = 14.0;
				MTL_ENABLE_DEBUG_INFO = NO;
				MTL_FAST_MATH = YES;
				ONLY_ACTIVE_ARCH = YES;
				SDKROOT = iphoneos;
				SWIFT_COMPILATION_MODE = wholemodule;
				SWIFT_OPTIMIZATION_LEVEL = "-O";
				VALIDATE_PRODUCT = YES;
			};
			name = Release;
		};
		9F1C9CDD25972587000AE492 /* Debug */ = {
			isa = XCBuildConfiguration;
			buildSettings = {
				ASSETCATALOG_COMPILER_APPICON_NAME = AppIcon;
				ASSETCATALOG_COMPILER_GLOBAL_ACCENT_COLOR_NAME = AccentColor;
				CODE_SIGN_STYLE = Automatic;
				DEVELOPMENT_TEAM = 36V5S393N9;
				INFOPLIST_FILE = SwiftyMovies/Info.plist;
				LD_RUNPATH_SEARCH_PATHS = (
					"$(inherited)",
					"@executable_path/Frameworks",
				);
				PRODUCT_BUNDLE_IDENTIFIER = com.ivanornes.SwiftyMovies;
				PRODUCT_NAME = "$(TARGET_NAME)";
				SWIFT_VERSION = 5.0;
				TARGETED_DEVICE_FAMILY = "1,2";
			};
			name = Debug;
		};
		9F1C9CDE25972587000AE492 /* Release */ = {
			isa = XCBuildConfiguration;
			buildSettings = {
				ASSETCATALOG_COMPILER_APPICON_NAME = AppIcon;
				ASSETCATALOG_COMPILER_GLOBAL_ACCENT_COLOR_NAME = AccentColor;
				CODE_SIGN_STYLE = Automatic;
				DEVELOPMENT_TEAM = 36V5S393N9;
				INFOPLIST_FILE = SwiftyMovies/Info.plist;
				LD_RUNPATH_SEARCH_PATHS = (
					"$(inherited)",
					"@executable_path/Frameworks",
				);
				PRODUCT_BUNDLE_IDENTIFIER = com.ivanornes.SwiftyMovies;
				PRODUCT_NAME = "$(TARGET_NAME)";
				SWIFT_VERSION = 5.0;
				TARGETED_DEVICE_FAMILY = "1,2";
			};
			name = Release;
		};
		9F1C9CE025972587000AE492 /* Debug */ = {
			isa = XCBuildConfiguration;
			buildSettings = {
				ALWAYS_EMBED_SWIFT_STANDARD_LIBRARIES = YES;
				BUNDLE_LOADER = "$(TEST_HOST)";
				CODE_SIGN_STYLE = Automatic;
				DEVELOPMENT_TEAM = 734L5BB9WY;
				INFOPLIST_FILE = SwiftyMoviesTests/Info.plist;
				IPHONEOS_DEPLOYMENT_TARGET = 14.3;
				LD_RUNPATH_SEARCH_PATHS = (
					"$(inherited)",
					"@executable_path/Frameworks",
					"@loader_path/Frameworks",
				);
				PRODUCT_BUNDLE_IDENTIFIER = com.ivanornes.SwiftyMoviesTests;
				PRODUCT_NAME = "$(TARGET_NAME)";
				SWIFT_VERSION = 5.0;
				TARGETED_DEVICE_FAMILY = "1,2";
				TEST_HOST = "$(BUILT_PRODUCTS_DIR)/SwiftyMovies.app/SwiftyMovies";
			};
			name = Debug;
		};
		9F1C9CE125972587000AE492 /* Release */ = {
			isa = XCBuildConfiguration;
			buildSettings = {
				ALWAYS_EMBED_SWIFT_STANDARD_LIBRARIES = YES;
				BUNDLE_LOADER = "$(TEST_HOST)";
				CODE_SIGN_STYLE = Automatic;
				DEVELOPMENT_TEAM = 734L5BB9WY;
				INFOPLIST_FILE = SwiftyMoviesTests/Info.plist;
				IPHONEOS_DEPLOYMENT_TARGET = 14.3;
				LD_RUNPATH_SEARCH_PATHS = (
					"$(inherited)",
					"@executable_path/Frameworks",
					"@loader_path/Frameworks",
				);
				PRODUCT_BUNDLE_IDENTIFIER = com.ivanornes.SwiftyMoviesTests;
				PRODUCT_NAME = "$(TARGET_NAME)";
				SWIFT_VERSION = 5.0;
				TARGETED_DEVICE_FAMILY = "1,2";
				TEST_HOST = "$(BUILT_PRODUCTS_DIR)/SwiftyMovies.app/SwiftyMovies";
			};
			name = Release;
		};
		9F1C9CE325972587000AE492 /* Debug */ = {
			isa = XCBuildConfiguration;
			buildSettings = {
				ALWAYS_EMBED_SWIFT_STANDARD_LIBRARIES = YES;
				CODE_SIGN_STYLE = Automatic;
				DEVELOPMENT_TEAM = 734L5BB9WY;
				INFOPLIST_FILE = SwiftyMoviesUITests/Info.plist;
				LD_RUNPATH_SEARCH_PATHS = (
					"$(inherited)",
					"@executable_path/Frameworks",
					"@loader_path/Frameworks",
				);
				PRODUCT_BUNDLE_IDENTIFIER = com.ivanornes.SwiftyMoviesUITests;
				PRODUCT_NAME = "$(TARGET_NAME)";
				SWIFT_VERSION = 5.0;
				TARGETED_DEVICE_FAMILY = "1,2";
				TEST_TARGET_NAME = SwiftyMovies;
			};
			name = Debug;
		};
		9F1C9CE425972587000AE492 /* Release */ = {
			isa = XCBuildConfiguration;
			buildSettings = {
				ALWAYS_EMBED_SWIFT_STANDARD_LIBRARIES = YES;
				CODE_SIGN_STYLE = Automatic;
				DEVELOPMENT_TEAM = 734L5BB9WY;
				INFOPLIST_FILE = SwiftyMoviesUITests/Info.plist;
				LD_RUNPATH_SEARCH_PATHS = (
					"$(inherited)",
					"@executable_path/Frameworks",
					"@loader_path/Frameworks",
				);
				PRODUCT_BUNDLE_IDENTIFIER = com.ivanornes.SwiftyMoviesUITests;
				PRODUCT_NAME = "$(TARGET_NAME)";
				SWIFT_VERSION = 5.0;
				TARGETED_DEVICE_FAMILY = "1,2";
				TEST_TARGET_NAME = SwiftyMovies;
			};
			name = Release;
		};
/* End XCBuildConfiguration section */

/* Begin XCConfigurationList section */
		9F1C9CAD25972584000AE492 /* Build configuration list for PBXProject "SwiftyMovies" */ = {
			isa = XCConfigurationList;
			buildConfigurations = (
				9F1C9CDA25972587000AE492 /* Debug */,
				9F1C9CDB25972587000AE492 /* Release */,
			);
			defaultConfigurationIsVisible = 0;
			defaultConfigurationName = Release;
		};
		9F1C9CDC25972587000AE492 /* Build configuration list for PBXNativeTarget "SwiftyMovies" */ = {
			isa = XCConfigurationList;
			buildConfigurations = (
				9F1C9CDD25972587000AE492 /* Debug */,
				9F1C9CDE25972587000AE492 /* Release */,
			);
			defaultConfigurationIsVisible = 0;
			defaultConfigurationName = Release;
		};
		9F1C9CDF25972587000AE492 /* Build configuration list for PBXNativeTarget "SwiftyMoviesTests" */ = {
			isa = XCConfigurationList;
			buildConfigurations = (
				9F1C9CE025972587000AE492 /* Debug */,
				9F1C9CE125972587000AE492 /* Release */,
			);
			defaultConfigurationIsVisible = 0;
			defaultConfigurationName = Release;
		};
		9F1C9CE225972587000AE492 /* Build configuration list for PBXNativeTarget "SwiftyMoviesUITests" */ = {
			isa = XCConfigurationList;
			buildConfigurations = (
				9F1C9CE325972587000AE492 /* Debug */,
				9F1C9CE425972587000AE492 /* Release */,
			);
			defaultConfigurationIsVisible = 0;
			defaultConfigurationName = Release;
		};
/* End XCConfigurationList section */

/* Begin XCRemoteSwiftPackageReference section */
		9F1C9CE825972893000AE492 /* XCRemoteSwiftPackageReference "apollo-ios" */ = {
			isa = XCRemoteSwiftPackageReference;
			repositoryURL = "https://github.com/apollographql/apollo-ios.git";
			requirement = {
				kind = upToNextMinorVersion;
				minimumVersion = 0.39.0;
			};
		};
		9F1C9D9F2599AD46000AE492 /* XCRemoteSwiftPackageReference "Kingfisher" */ = {
			isa = XCRemoteSwiftPackageReference;
			repositoryURL = "https://github.com/onevcat/Kingfisher.git";
			requirement = {
				kind = upToNextMinorVersion;
				minimumVersion = 5.15.8;
			};
		};
/* End XCRemoteSwiftPackageReference section */

/* Begin XCSwiftPackageProductDependency section */
		9F1C9CE925972893000AE492 /* Apollo */ = {
			isa = XCSwiftPackageProductDependency;
			package = 9F1C9CE825972893000AE492 /* XCRemoteSwiftPackageReference "apollo-ios" */;
			productName = Apollo;
		};
		9F1C9DA02599AD46000AE492 /* Kingfisher */ = {
			isa = XCSwiftPackageProductDependency;
			package = 9F1C9D9F2599AD46000AE492 /* XCRemoteSwiftPackageReference "Kingfisher" */;
			productName = Kingfisher;
		};
/* End XCSwiftPackageProductDependency section */
	};
	rootObject = 9F1C9CAA25972584000AE492 /* Project object */;
}
